<Solution>
  <Folder Name="/src/">
    <Project Path="src/RestaurantApp.Core/RestaurantApp.Core.csproj" />
    <Project Path="src/RestaurantApp.Data/RestaurantApp.Data.csproj" />
    <Project Path="src/RestaurantApp.Services/RestaurantApp.Services.csproj" />
    <Project Path="src/RestaurantApp.UI/RestaurantApp.UI.csproj" />
  </Folder>
</Solution>
